
Microsoft Visual Studio Solution File, Format Version 12.00
# Visual Studio Version 16
VisualStudioVersion = 16.0.29806.167
MinimumVisualStudioVersion = 10.0.40219.1
Project("{8BC9CEB8-8B4A-11D0-8D11-00A0C91BC942}") = "ConsoleApplication1", "ConsoleApplication1\ConsoleApplication1.vcxproj", "{10116F0B-836D-476D-A7C9-E62E3B96F326}"
EndProject
Project("{8BC9CEB8-8B4A-11D0-8D11-00A0C91BC942}") = "UnitTest1", "UnitTest1\UnitTest1.vcxproj", "{44338A30-9A05-47C1-8FAB-78880C01BDAC}"
EndProject
Global
	GlobalSection(SolutionConfigurationPlatforms) = preSolution
		Debug|x64 = Debug|x64
		Debug|x86 = Debug|x86
		Release|x64 = Release|x64
		Release|x86 = Release|x86
	EndGlobalSection
	GlobalSection(ProjectConfigurationPlatforms) = postSolution
		{10116F0B-836D-476D-A7C9-E62E3B96F326}.Debug|x64.ActiveCfg = Debug|x64
		{10116F0B-836D-476D-A7C9-E62E3B96F326}.Debug|x64.Build.0 = Debug|x64
		{10116F0B-836D-476D-A7C9-E62E3B96F326}.Debug|x86.ActiveCfg = Debug|Win32
		{10116F0B-836D-476D-A7C9-E62E3B96F326}.Debug|x86.Build.0 = Debug|Win32
		{10116F0B-836D-476D-A7C9-E62E3B96F326}.Release|x64.ActiveCfg = Release|x64
		{10116F0B-836D-476D-A7C9-E62E3B96F326}.Release|x64.Build.0 = Release|x64
		{10116F0B-836D-476D-A7C9-E62E3B96F326}.Release|x86.ActiveCfg = Release|Win32
		{10116F0B-836D-476D-A7C9-E62E3B96F326}.Release|x86.Build.0 = Release|Win32
		{44338A30-9A05-47C1-8FAB-78880C01BDAC}.Debug|x64.ActiveCfg = Debug|x64
		{44338A30-9A05-47C1-8FAB-78880C01BDAC}.Debug|x64.Build.0 = Debug|x64
		{44338A30-9A05-47C1-8FAB-78880C01BDAC}.Debug|x86.ActiveCfg = Debug|Win32
		{44338A30-9A05-47C1-8FAB-78880C01BDAC}.Debug|x86.Build.0 = Debug|Win32
		{44338A30-9A05-47C1-8FAB-78880C01BDAC}.Release|x64.ActiveCfg = Release|x64
		{44338A30-9A05-47C1-8FAB-78880C01BDAC}.Release|x64.Build.0 = Release|x64
		{44338A30-9A05-47C1-8FAB-78880C01BDAC}.Release|x86.ActiveCfg = Release|Win32
		{44338A30-9A05-47C1-8FAB-78880C01BDAC}.Release|x86.Build.0 = Release|Win32
	EndGlobalSection
	GlobalSection(SolutionProperties) = preSolution
		HideSolutionNode = FALSE
	EndGlobalSection
	GlobalSection(ExtensibilityGlobals) = postSolution
		SolutionGuid = {57C6A5E0-0011-498F-A208-921205C67E64}
	EndGlobalSection
EndGlobal
